
Microsoft Visual Studio Solution File, Format Version 12.00
# Visual Studio Version 17
VisualStudioVersion = 17.5.002.0
MinimumVisualStudioVersion = 10.0.40219.1
Project("{9A19103F-16F7-4668-BE54-9A1E7A4F7556}") = "Projeto 2", "Projeto 2.csproj", "{B8B08A0E-4703-4C35-9A9E-EDCDA16E2BAA}"
EndProject
Global
	GlobalSection(SolutionConfigurationPlatforms) = preSolution
		Debug|Any CPU = Debug|Any CPU
		Release|Any CPU = Release|Any CPU
	EndGlobalSection
	GlobalSection(ProjectConfigurationPlatforms) = postSolution
		{B8B08A0E-4703-4C35-9A9E-EDCDA16E2BAA}.Debug|Any CPU.ActiveCfg = Debug|Any CPU
		{B8B08A0E-4703-4C35-9A9E-EDCDA16E2BAA}.Debug|Any CPU.Build.0 = Debug|Any CPU
		{B8B08A0E-4703-4C35-9A9E-EDCDA16E2BAA}.Release|Any CPU.ActiveCfg = Release|Any CPU
		{B8B08A0E-4703-4C35-9A9E-EDCDA16E2BAA}.Release|Any CPU.Build.0 = Release|Any CPU
	EndGlobalSection
	GlobalSection(SolutionProperties) = preSolution
		HideSolutionNode = FALSE
	EndGlobalSection
	GlobalSection(ExtensibilityGlobals) = postSolution
		SolutionGuid = {1179E581-CAAD-4B8D-B22B-77526FA98A18}
	EndGlobalSection
EndGlobal
